// !$*UTF8*$!
{
	archiveVersion = 1;
	classes = {
	};
	objectVersion = 46;
	objects = {

/* Begin PBXBuildFile section */
		1E188B3F1A5AA060004AC3FB /* md5.cpp in Sources */ = {isa = PBXBuildFile; fileRef = 1E188B3D1A5AA060004AC3FB /* md5.cpp */; };
		1E188B451A5AA0CF004AC3FB /* Last_fm_api.cpp in Sources */ = {isa = PBXBuildFile; fileRef = 1E188B431A5AA0CF004AC3FB /* Last_fm_api.cpp */; };
		1E5923E21A65186500F20C72 /* socketTool.cpp in Sources */ = {isa = PBXBuildFile; fileRef = 1E5923E01A65186500F20C72 /* socketTool.cpp */; };
		1E5E2F2E1A592AC500C60692 /* main.cpp in Sources */ = {isa = PBXBuildFile; fileRef = 1E5E2F2D1A592AC500C60692 /* main.cpp */; };
		1E5E2F531A5933A200C60692 /* Last_fm.cpp in Sources */ = {isa = PBXBuildFile; fileRef = 1E5E2F511A5932E900C60692 /* Last_fm.cpp */; };
		1EC775221A5B951100E5BD3F /* Last_fm_user.cpp in Sources */ = {isa = PBXBuildFile; fileRef = 1EC775201A5B951100E5BD3F /* Last_fm_user.cpp */; };
		1ECEB7821A905EBA006E8C23 /* serialize.cpp in Sources */ = {isa = PBXBuildFile; fileRef = 1ECEB7801A905EBA006E8C23 /* serialize.cpp */; };
		1EDF3B4E1A63EF8F0099B130 /* Last_fm_local_record.cpp in Sources */ = {isa = PBXBuildFile; fileRef = 1EDF3B4C1A63EF8F0099B130 /* Last_fm_local_record.cpp */; };
		1EDF3B511A63F0010099B130 /* Last_fm_serialize.cpp in Sources */ = {isa = PBXBuildFile; fileRef = 1EDF3B4F1A63F0010099B130 /* Last_fm_serialize.cpp */; };
/* End PBXBuildFile section */

/* Begin PBXCopyFilesBuildPhase section */
		1E5E2F281A592AC500C60692 /* CopyFiles */ = {
			isa = PBXCopyFilesBuildPhase;
			buildActionMask = 2147483647;
			dstPath = /usr/share/man/man1/;
			dstSubfolderSpec = 0;
			files = (
			);
			runOnlyForDeploymentPostprocessing = 1;
		};
/* End PBXCopyFilesBuildPhase section */

/* Begin PBXFileReference section */
		1E188B3D1A5AA060004AC3FB /* md5.cpp */ = {isa = PBXFileReference; fileEncoding = 4; lastKnownFileType = sourcecode.cpp.cpp; path = md5.cpp; sourceTree = "<group>"; };
		1E188B3E1A5AA060004AC3FB /* md5.h */ = {isa = PBXFileReference; fileEncoding = 4; lastKnownFileType = sourcecode.c.h; path = md5.h; sourceTree = "<group>"; };
		1E188B431A5AA0CF004AC3FB /* Last_fm_api.cpp */ = {isa = PBXFileReference; fileEncoding = 4; lastKnownFileType = sourcecode.cpp.cpp; path = Last_fm_api.cpp; sourceTree = "<group>"; };
		1E188B441A5AA0CF004AC3FB /* Last_fm_api.h */ = {isa = PBXFileReference; fileEncoding = 4; lastKnownFileType = sourcecode.c.h; path = Last_fm_api.h; sourceTree = "<group>"; };
		1E5923E01A65186500F20C72 /* socketTool.cpp */ = {isa = PBXFileReference; fileEncoding = 4; lastKnownFileType = sourcecode.cpp.cpp; path = socketTool.cpp; sourceTree = "<group>"; };
		1E5923E11A65186500F20C72 /* socketTool.h */ = {isa = PBXFileReference; fileEncoding = 4; lastKnownFileType = sourcecode.c.h; path = socketTool.h; sourceTree = "<group>"; };
		1E5E2F2A1A592AC500C60692 /* Last.fm */ = {isa = PBXFileReference; explicitFileType = "compiled.mach-o.executable"; includeInIndex = 0; path = Last.fm; sourceTree = BUILT_PRODUCTS_DIR; };
		1E5E2F2D1A592AC500C60692 /* main.cpp */ = {isa = PBXFileReference; lastKnownFileType = sourcecode.cpp.cpp; path = main.cpp; sourceTree = "<group>"; };
		1E5E2F511A5932E900C60692 /* Last_fm.cpp */ = {isa = PBXFileReference; fileEncoding = 4; lastKnownFileType = sourcecode.cpp.cpp; path = Last_fm.cpp; sourceTree = "<group>"; };
		1E5E2F521A5932E900C60692 /* Last_fm.h */ = {isa = PBXFileReference; fileEncoding = 4; lastKnownFileType = sourcecode.c.h; path = Last_fm.h; sourceTree = "<group>"; };
		1EC775201A5B951100E5BD3F /* Last_fm_user.cpp */ = {isa = PBXFileReference; fileEncoding = 4; lastKnownFileType = sourcecode.cpp.cpp; path = Last_fm_user.cpp; sourceTree = "<group>"; };
		1EC775211A5B951100E5BD3F /* Last_fm_user.h */ = {isa = PBXFileReference; fileEncoding = 4; lastKnownFileType = sourcecode.c.h; path = Last_fm_user.h; sourceTree = "<group>"; };
		1ECEB7801A905EBA006E8C23 /* serialize.cpp */ = {isa = PBXFileReference; fileEncoding = 4; lastKnownFileType = sourcecode.cpp.cpp; path = serialize.cpp; sourceTree = "<group>"; };
		1ECEB7811A905EBA006E8C23 /* serialize.h */ = {isa = PBXFileReference; fileEncoding = 4; lastKnownFileType = sourcecode.c.h; path = serialize.h; sourceTree = "<group>"; };
		1EDF3B4C1A63EF8F0099B130 /* Last_fm_local_record.cpp */ = {isa = PBXFileReference; fileEncoding = 4; lastKnownFileType = sourcecode.cpp.cpp; path = Last_fm_local_record.cpp; sourceTree = "<group>"; };
		1EDF3B4D1A63EF8F0099B130 /* Last_fm_local_record.h */ = {isa = PBXFileReference; fileEncoding = 4; lastKnownFileType = sourcecode.c.h; path = Last_fm_local_record.h; sourceTree = "<group>"; };
		1EDF3B4F1A63F0010099B130 /* Last_fm_serialize.cpp */ = {isa = PBXFileReference; fileEncoding = 4; lastKnownFileType = sourcecode.cpp.cpp; path = Last_fm_serialize.cpp; sourceTree = "<group>"; };
		1EDF3B501A63F0010099B130 /* Last_fm_serialize.h */ = {isa = PBXFileReference; fileEncoding = 4; lastKnownFileType = sourcecode.c.h; path = Last_fm_serialize.h; sourceTree = "<group>"; };
/* End PBXFileReference section */

/* Begin PBXFrameworksBuildPhase section */
		1E5E2F271A592AC500C60692 /* Frameworks */ = {
			isa = PBXFrameworksBuildPhase;
			buildActionMask = 2147483647;
			files = (
			);
			runOnlyForDeploymentPostprocessing = 0;
		};
/* End PBXFrameworksBuildPhase section */

/* Begin PBXGroup section */
		1E5923DF1A65186500F20C72 /* socketTool */ = {
			isa = PBXGroup;
			children = (
				1E5923E01A65186500F20C72 /* socketTool.cpp */,
				1E5923E11A65186500F20C72 /* socketTool.h */,
			);
			path = socketTool;
			sourceTree = "<group>";
		};
		1E5E2F211A592AC500C60692 = {
			isa = PBXGroup;
			children = (
				1ECEB77F1A905EBA006E8C23 /* serialize */,
				1E5923DF1A65186500F20C72 /* socketTool */,
				1E5E2F2C1A592AC500C60692 /* Last.fm */,
				1E5E2F2B1A592AC500C60692 /* Products */,
			);
			sourceTree = "<group>";
		};
		1E5E2F2B1A592AC500C60692 /* Products */ = {
			isa = PBXGroup;
			children = (
				1E5E2F2A1A592AC500C60692 /* Last.fm */,
			);
			name = Products;
			sourceTree = "<group>";
		};
		1E5E2F2C1A592AC500C60692 /* Last.fm */ = {
			isa = PBXGroup;
			children = (
				1E5E2F2D1A592AC500C60692 /* main.cpp */,
				1E5E2F521A5932E900C60692 /* Last_fm.h */,
				1E5E2F511A5932E900C60692 /* Last_fm.cpp */,
				1EC775211A5B951100E5BD3F /* Last_fm_user.h */,
				1EC775201A5B951100E5BD3F /* Last_fm_user.cpp */,
				1E188B441A5AA0CF004AC3FB /* Last_fm_api.h */,
				1E188B431A5AA0CF004AC3FB /* Last_fm_api.cpp */,
				1EDF3B4D1A63EF8F0099B130 /* Last_fm_local_record.h */,
				1EDF3B4C1A63EF8F0099B130 /* Last_fm_local_record.cpp */,
				1EDF3B501A63F0010099B130 /* Last_fm_serialize.h */,
				1EDF3B4F1A63F0010099B130 /* Last_fm_serialize.cpp */,
				1E188B3D1A5AA060004AC3FB /* md5.cpp */,
				1E188B3E1A5AA060004AC3FB /* md5.h */,
			);
			path = Last.fm;
			sourceTree = "<group>";
		};
		1ECEB77F1A905EBA006E8C23 /* serialize */ = {
			isa = PBXGroup;
			children = (
				1ECEB7811A905EBA006E8C23 /* serialize.h */,
				1ECEB7801A905EBA006E8C23 /* serialize.cpp */,
			);
			path = serialize;
			sourceTree = "<group>";
		};
/* End PBXGroup section */

/* Begin PBXNativeTarget section */
		1E5E2F291A592AC500C60692 /* Last.fm */ = {
			isa = PBXNativeTarget;
			buildConfigurationList = 1E5E2F311A592AC500C60692 /* Build configuration list for PBXNativeTarget "Last.fm" */;
			buildPhases = (
				1E5E2F261A592AC500C60692 /* Sources */,
				1E5E2F271A592AC500C60692 /* Frameworks */,
				1E5E2F281A592AC500C60692 /* CopyFiles */,
			);
			buildRules = (
			);
			dependencies = (
			);
			name = Last.fm;
			productName = Last.fm;
			productReference = 1E5E2F2A1A592AC500C60692 /* Last.fm */;
			productType = "com.apple.product-type.tool";
		};
/* End PBXNativeTarget section */

/* Begin PBXProject section */
		1E5E2F221A592AC500C60692 /* Project object */ = {
			isa = PBXProject;
			attributes = {
				LastUpgradeCheck = 0610;
				ORGANIZATIONNAME = liaogang;
				TargetAttributes = {
					1E5E2F291A592AC500C60692 = {
						CreatedOnToolsVersion = 6.1;
					};
				};
			};
			buildConfigurationList = 1E5E2F251A592AC500C60692 /* Build configuration list for PBXProject "Last.fm" */;
			compatibilityVersion = "Xcode 3.2";
			developmentRegion = English;
			hasScannedForEncodings = 0;
			knownRegions = (
				en,
			);
			mainGroup = 1E5E2F211A592AC500C60692;
			productRefGroup = 1E5E2F2B1A592AC500C60692 /* Products */;
			projectDirPath = "";
			projectRoot = "";
			targets = (
				1E5E2F291A592AC500C60692 /* Last.fm */,
			);
		};
/* End PBXProject section */

/* Begin PBXSourcesBuildPhase section */
		1E5E2F261A592AC500C60692 /* Sources */ = {
			isa = PBXSourcesBuildPhase;
			buildActionMask = 2147483647;
			files = (
				1E5E2F531A5933A200C60692 /* Last_fm.cpp in Sources */,
				1E188B3F1A5AA060004AC3FB /* md5.cpp in Sources */,
				1EDF3B511A63F0010099B130 /* Last_fm_serialize.cpp in Sources */,
				1E5923E21A65186500F20C72 /* socketTool.cpp in Sources */,
				1EC775221A5B951100E5BD3F /* Last_fm_user.cpp in Sources */,
				1E5E2F2E1A592AC500C60692 /* main.cpp in Sources */,
				1EDF3B4E1A63EF8F0099B130 /* Last_fm_local_record.cpp in Sources */,
				1ECEB7821A905EBA006E8C23 /* serialize.cpp in Sources */,
				1E188B451A5AA0CF004AC3FB /* Last_fm_api.cpp in Sources */,
			);
			runOnlyForDeploymentPostprocessing = 0;
		};
/* End PBXSourcesBuildPhase section */

/* Begin XCBuildConfiguration section */
		1E5E2F2F1A592AC500C60692 /* Debug */ = {
			isa = XCBuildConfiguration;
			buildSettings = {
				ALWAYS_SEARCH_USER_PATHS = NO;
				CLANG_CXX_LANGUAGE_STANDARD = "gnu++0x";
				CLANG_CXX_LIBRARY = "libc++";
				CLANG_ENABLE_MODULES = YES;
				CLANG_ENABLE_OBJC_ARC = YES;
				CLANG_WARN_BOOL_CONVERSION = YES;
				CLANG_WARN_CONSTANT_CONVERSION = YES;
				CLANG_WARN_DIRECT_OBJC_ISA_USAGE = YES_ERROR;
				CLANG_WARN_EMPTY_BODY = YES;
				CLANG_WARN_ENUM_CONVERSION = YES;
				CLANG_WARN_INT_CONVERSION = YES;
				CLANG_WARN_OBJC_ROOT_CLASS = YES_ERROR;
				CLANG_WARN_UNREACHABLE_CODE = YES;
				CLANG_WARN__DUPLICATE_METHOD_MATCH = YES;
				COPY_PHASE_STRIP = NO;
				ENABLE_STRICT_OBJC_MSGSEND = YES;
				GCC_C_LANGUAGE_STANDARD = gnu99;
				GCC_DYNAMIC_NO_PIC = NO;
				GCC_OPTIMIZATION_LEVEL = 0;
				GCC_PREPROCESSOR_DEFINITIONS = (
					"DEBUG=1",
					"$(inherited)",
				);
				GCC_SYMBOLS_PRIVATE_EXTERN = NO;
				GCC_WARN_64_TO_32_BIT_CONVERSION = YES;
				GCC_WARN_ABOUT_RETURN_TYPE = YES_ERROR;
				GCC_WARN_UNDECLARED_SELECTOR = YES;
				GCC_WARN_UNINITIALIZED_AUTOS = YES_AGGRESSIVE;
				GCC_WARN_UNUSED_FUNCTION = YES;
				GCC_WARN_UNUSED_VARIABLE = YES;
				MACOSX_DEPLOYMENT_TARGET = 10.10;
				MTL_ENABLE_DEBUG_INFO = YES;
				ONLY_ACTIVE_ARCH = YES;
				SDKROOT = macosx;
			};
			name = Debug;
		};
		1E5E2F301A592AC500C60692 /* Release */ = {
			isa = XCBuildConfiguration;
			buildSettings = {
				ALWAYS_SEARCH_USER_PATHS = NO;
				CLANG_CXX_LANGUAGE_STANDARD = "gnu++0x";
				CLANG_CXX_LIBRARY = "libc++";
				CLANG_ENABLE_MODULES = YES;
				CLANG_ENABLE_OBJC_ARC = YES;
				CLANG_WARN_BOOL_CONVERSION = YES;
				CLANG_WARN_CONSTANT_CONVERSION = YES;
				CLANG_WARN_DIRECT_OBJC_ISA_USAGE = YES_ERROR;
				CLANG_WARN_EMPTY_BODY = YES;
				CLANG_WARN_ENUM_CONVERSION = YES;
				CLANG_WARN_INT_CONVERSION = YES;
				CLANG_WARN_OBJC_ROOT_CLASS = YES_ERROR;
				CLANG_WARN_UNREACHABLE_CODE = YES;
				CLANG_WARN__DUPLICATE_METHOD_MATCH = YES;
				COPY_PHASE_STRIP = YES;
				DEBUG_INFORMATION_FORMAT = "dwarf-with-dsym";
				ENABLE_NS_ASSERTIONS = NO;
				ENABLE_STRICT_OBJC_MSGSEND = YES;
				GCC_C_LANGUAGE_STANDARD = gnu99;
				GCC_WARN_64_TO_32_BIT_CONVERSION = YES;
				GCC_WARN_ABOUT_RETURN_TYPE = YES_ERROR;
				GCC_WARN_UNDECLARED_SELECTOR = YES;
				GCC_WARN_UNINITIALIZED_AUTOS = YES_AGGRESSIVE;
				GCC_WARN_UNUSED_FUNCTION = YES;
				GCC_WARN_UNUSED_VARIABLE = YES;
				MACOSX_DEPLOYMENT_TARGET = 10.10;
				MTL_ENABLE_DEBUG_INFO = NO;
				SDKROOT = macosx;
			};
			name = Release;
		};
		1E5E2F321A592AC500C60692 /* Debug */ = {
			isa = XCBuildConfiguration;
			buildSettings = {
				HEADER_SEARCH_PATHS = (
					"$(inherited)",
					/Applications/Xcode.app/Contents/Developer/Toolchains/XcodeDefault.xctoolchain/usr/include,
					/usr/local/include,
				);
				LIBRARY_SEARCH_PATHS = /usr/local/lib;
				OTHER_LDFLAGS = "-ljson";
				PRODUCT_NAME = "$(TARGET_NAME)";
			};
			name = Debug;
		};
		1E5E2F331A592AC500C60692 /* Release */ = {
			isa = XCBuildConfiguration;
			buildSettings = {
				HEADER_SEARCH_PATHS = (
					"$(inherited)",
					/Applications/Xcode.app/Contents/Developer/Toolchains/XcodeDefault.xctoolchain/usr/include,
					/usr/local/include,
				);
				LIBRARY_SEARCH_PATHS = /usr/local/lib;
				OTHER_LDFLAGS = "-ljson";
				PRODUCT_NAME = "$(TARGET_NAME)";
			};
			name = Release;
		};
/* End XCBuildConfiguration section */

/* Begin XCConfigurationList section */
		1E5E2F251A592AC500C60692 /* Build configuration list for PBXProject "Last.fm" */ = {
			isa = XCConfigurationList;
			buildConfigurations = (
				1E5E2F2F1A592AC500C60692 /* Debug */,
				1E5E2F301A592AC500C60692 /* Release */,
			);
			defaultConfigurationIsVisible = 0;
			defaultConfigurationName = Release;
		};
		1E5E2F311A592AC500C60692 /* Build configuration list for PBXNativeTarget "Last.fm" */ = {
			isa = XCConfigurationList;
			buildConfigurations = (
				1E5E2F321A592AC500C60692 /* Debug */,
				1E5E2F331A592AC500C60692 /* Release */,
			);
			defaultConfigurationIsVisible = 0;
			defaultConfigurationName = Release;
		};
/* End XCConfigurationList section */
	};
	rootObject = 1E5E2F221A592AC500C60692 /* Project object */;
}
